// !$*UTF8*$!
{
	archiveVersion = 1;
	classes = {
	};
	objectVersion = 46;
	objects = {

/* Begin PBXBuildFile section */
		1FA4297F192A798300F673A0 /* Images.xcassets in Resources */ = {isa = PBXBuildFile; fileRef = 1FA4297E192A798300F673A0 /* Images.xcassets */; };
		1FA42AFD192A937400F673A0 /* Main.storyboard in Resources */ = {isa = PBXBuildFile; fileRef = 1FA42AFB192A937400F673A0 /* Main.storyboard */; };
		1FA42AFF192A93C800F673A0 /* CatList.json in Resources */ = {isa = PBXBuildFile; fileRef = 1FA42AFE192A93C800F673A0 /* CatList.json */; };
		1FE17BE9192E8BC900620DC3 /* detail-bobcat.json in Resources */ = {isa = PBXBuildFile; fileRef = 1FE17BDA192E8BC900620DC3 /* detail-bobcat.json */; };
		1FE17BEA192E8BC900620DC3 /* detail-caracal.json in Resources */ = {isa = PBXBuildFile; fileRef = 1FE17BDB192E8BC900620DC3 /* detail-caracal.json */; };
		1FE17BEB192E8BC900620DC3 /* detail-cheetah.json in Resources */ = {isa = PBXBuildFile; fileRef = 1FE17BDC192E8BC900620DC3 /* detail-cheetah.json */; };
		1FE17BEC192E8BC900620DC3 /* detail-geoffroys-cat.json in Resources */ = {isa = PBXBuildFile; fileRef = 1FE17BDD192E8BC900620DC3 /* detail-geoffroys-cat.json */; };
		1FE17BED192E8BC900620DC3 /* detail-jaguar.json in Resources */ = {isa = PBXBuildFile; fileRef = 1FE17BDE192E8BC900620DC3 /* detail-jaguar.json */; };
		1FE17BEE192E8BC900620DC3 /* detail-leopard.json in Resources */ = {isa = PBXBuildFile; fileRef = 1FE17BDF192E8BC900620DC3 /* detail-leopard.json */; };
		1FE17BEF192E8BC900620DC3 /* detail-lion.json in Resources */ = {isa = PBXBuildFile; fileRef = 1FE17BE0192E8BC900620DC3 /* detail-lion.json */; };
		1FE17BF0192E8BC900620DC3 /* detail-lynx.json in Resources */ = {isa = PBXBuildFile; fileRef = 1FE17BE1192E8BC900620DC3 /* detail-lynx.json */; };
		1FE17BF1192E8BC900620DC3 /* detail-margay.json in Resources */ = {isa = PBXBuildFile; fileRef = 1FE17BE2192E8BC900620DC3 /* detail-margay.json */; };
		1FE17BF2192E8BC900620DC3 /* detail-mountain-lion.json in Resources */ = {isa = PBXBuildFile; fileRef = 1FE17BE3192E8BC900620DC3 /* detail-mountain-lion.json */; };
		1FE17BF3192E8BC900620DC3 /* detail-ocelot.json in Resources */ = {isa = PBXBuildFile; fileRef = 1FE17BE4192E8BC900620DC3 /* detail-ocelot.json */; };
		1FE17BF4192E8BC900620DC3 /* detail-oncilla.json in Resources */ = {isa = PBXBuildFile; fileRef = 1FE17BE5192E8BC900620DC3 /* detail-oncilla.json */; };
		1FE17BF5192E8BC900620DC3 /* detail-serval.json in Resources */ = {isa = PBXBuildFile; fileRef = 1FE17BE6192E8BC900620DC3 /* detail-serval.json */; };
		1FE17BF6192E8BC900620DC3 /* detail-snow-leopard.json in Resources */ = {isa = PBXBuildFile; fileRef = 1FE17BE7192E8BC900620DC3 /* detail-snow-leopard.json */; };
		1FE17BF7192E8BC900620DC3 /* detail-tiger.json in Resources */ = {isa = PBXBuildFile; fileRef = 1FE17BE8192E8BC900620DC3 /* detail-tiger.json */; };
		DB1F1B3B1A5E69AA005A48A5 /* CatSighting.swift in Sources */ = {isa = PBXBuildFile; fileRef = DB1F1B3A1A5E69AA005A48A5 /* CatSighting.swift */; };
		DB1F1B3D1A5E69E8005A48A5 /* Cat.swift in Sources */ = {isa = PBXBuildFile; fileRef = DB1F1B3C1A5E69E8005A48A5 /* Cat.swift */; };
		DB1F1B3F1A5E6A7B005A48A5 /* DataAccessManager.swift in Sources */ = {isa = PBXBuildFile; fileRef = DB1F1B3E1A5E6A7B005A48A5 /* DataAccessManager.swift */; };
		DB22A1D71A5933EE00B8B883 /* TextValueDataSource.swift in Sources */ = {isa = PBXBuildFile; fileRef = DB22A1D61A5933EE00B8B883 /* TextValueDataSource.swift */; };
		DB22A1D91A5938C200B8B883 /* KeyValueDataSource.swift in Sources */ = {isa = PBXBuildFile; fileRef = DB22A1D81A5938C200B8B883 /* KeyValueDataSource.swift */; };
		DB22A1DB1A5946A800B8B883 /* CatSightingCell.swift in Sources */ = {isa = PBXBuildFile; fileRef = DB22A1DA1A5946A800B8B883 /* CatSightingCell.swift */; };
		DB22A1DD1A59491500B8B883 /* CatSightingsDataSource.swift in Sources */ = {isa = PBXBuildFile; fileRef = DB22A1DC1A59491500B8B883 /* CatSightingsDataSource.swift */; };
		DB22A1DF1A594A2600B8B883 /* CatDetailDataSource.swift in Sources */ = {isa = PBXBuildFile; fileRef = DB22A1DE1A594A2600B8B883 /* CatDetailDataSource.swift */; };
		DB22A20F1A59504400B8B883 /* AppDelegate.swift in Sources */ = {isa = PBXBuildFile; fileRef = DB22A20E1A59504400B8B883 /* AppDelegate.swift */; };
		DB24FC231A3F7E9E00C5D0B4 /* Utilities.swift in Sources */ = {isa = PBXBuildFile; fileRef = DB24FC221A3F7E9E00C5D0B4 /* Utilities.swift */; };
		DB24FC251A3F83FD00C5D0B4 /* GridLayoutAttributes.swift in Sources */ = {isa = PBXBuildFile; fileRef = DB24FC241A3F83FD00C5D0B4 /* GridLayoutAttributes.swift */; };
		DB24FC2A1A3F869F00C5D0B4 /* Geometry.swift in Sources */ = {isa = PBXBuildFile; fileRef = DB24FC291A3F869F00C5D0B4 /* Geometry.swift */; };
		DB262F001A5E3EBA00E3D905 /* JSON.swift in Sources */ = {isa = PBXBuildFile; fileRef = DB262EFF1A5E3EBA00E3D905 /* JSON.swift */; };
		DB3D6AFC1A41662300D48A92 /* DataSourcePresenter.swift in Sources */ = {isa = PBXBuildFile; fileRef = DB3D6AFB1A41662300D48A92 /* DataSourcePresenter.swift */; };
		DB5658511A61DA94004813FD /* OrderedSetTests.swift in Sources */ = {isa = PBXBuildFile; fileRef = DB5658501A61DA94004813FD /* OrderedSetTests.swift */; };
		DB5658531A61DEF3004813FD /* MultimapTests.swift in Sources */ = {isa = PBXBuildFile; fileRef = DB5658521A61DEF3004813FD /* MultimapTests.swift */; };
		DB5F406C1A4FA482002BB59F /* SegmentedDataSource.swift in Sources */ = {isa = PBXBuildFile; fileRef = DB5F406B1A4FA482002BB59F /* SegmentedDataSource.swift */; };
		DB5FB6A31A4F527C0041062F /* UnorderedCollectionType.swift in Sources */ = {isa = PBXBuildFile; fileRef = DB5FB6A21A4F527C0041062F /* UnorderedCollectionType.swift */; };
		DB61BFF71A48F31400D79655 /* GridLayoutInfo.swift in Sources */ = {isa = PBXBuildFile; fileRef = DB61BFF61A48F31400D79655 /* GridLayoutInfo.swift */; };
		DB61BFF91A493C1700D79655 /* ComposedMapping.swift in Sources */ = {isa = PBXBuildFile; fileRef = DB61BFF81A493C1700D79655 /* ComposedMapping.swift */; };
		DB61BFFC1A494DE300D79655 /* BasicDataSource.swift in Sources */ = {isa = PBXBuildFile; fileRef = DB61BFFB1A494DE300D79655 /* BasicDataSource.swift */; };
		DB63FBF11A5F94640095BB03 /* OrderedDictionaryTests.swift in Sources */ = {isa = PBXBuildFile; fileRef = DB63FBF01A5F94640095BB03 /* OrderedDictionaryTests.swift */; };
		DB71E65A1A48A55200AFC472 /* CollectionViewLayout.swift in Sources */ = {isa = PBXBuildFile; fileRef = DB71E6591A48A55200AFC472 /* CollectionViewLayout.swift */; };
		DB81005B1A3CD0E600E758F6 /* LaunchScreen.xib in Resources */ = {isa = PBXBuildFile; fileRef = DB81005D1A3CD0E600E758F6 /* LaunchScreen.xib */; };
		DB8100681A3CD2AE00E758F6 /* AdvancedCollectionView.h in Headers */ = {isa = PBXBuildFile; fileRef = DB8100671A3CD2AE00E758F6 /* AdvancedCollectionView.h */; settings = {ATTRIBUTES = (Public, ); }; };
		DB81006E1A3CD2AE00E758F6 /* AdvancedCollectionView.framework in Frameworks */ = {isa = PBXBuildFile; fileRef = DB8100631A3CD2AE00E758F6 /* AdvancedCollectionView.framework */; };
		DB81007A1A3CD2AE00E758F6 /* AdvancedCollectionView.framework in Frameworks */ = {isa = PBXBuildFile; fileRef = DB8100631A3CD2AE00E758F6 /* AdvancedCollectionView.framework */; };
		DB81007B1A3CD2AE00E758F6 /* AdvancedCollectionView.framework in Embed Frameworks */ = {isa = PBXBuildFile; fileRef = DB8100631A3CD2AE00E758F6 /* AdvancedCollectionView.framework */; settings = {ATTRIBUTES = (CodeSignOnCopy, RemoveHeadersOnCopy, ); }; };
		DB8A78BC1A3E70BE008A79A6 /* GridLayout.swift in Sources */ = {isa = PBXBuildFile; fileRef = DB8A78BB1A3E70BE008A79A6 /* GridLayout.swift */; };
		DB8A78F51A3E79F2008A79A6 /* Metrics.swift in Sources */ = {isa = PBXBuildFile; fileRef = DB8A78F41A3E79F2008A79A6 /* Metrics.swift */; };
		DB8A78F81A3E8252008A79A6 /* DataSource.swift in Sources */ = {isa = PBXBuildFile; fileRef = DB8A78F71A3E8252008A79A6 /* DataSource.swift */; };
		DB8A790A1A3E8479008A79A6 /* Loading.swift in Sources */ = {isa = PBXBuildFile; fileRef = DB8A79091A3E8479008A79A6 /* Loading.swift */; };
		DB8A79131A3EA12B008A79A6 /* Async.swift in Sources */ = {isa = PBXBuildFile; fileRef = DB8A79121A3EA12B008A79A6 /* Async.swift */; };
		DB9DC7351A57E43E005DE6C2 /* CatListViewController.swift in Sources */ = {isa = PBXBuildFile; fileRef = DB9DC7341A57E43E005DE6C2 /* CatListViewController.swift */; };
		DB9DC7371A57E49D005DE6C2 /* CatListDataSource.swift in Sources */ = {isa = PBXBuildFile; fileRef = DB9DC7361A57E49D005DE6C2 /* CatListDataSource.swift */; };
		DB9E05E01A510F4C004CF47F /* CollectionViewController.swift in Sources */ = {isa = PBXBuildFile; fileRef = DB9E05DF1A510F4C004CF47F /* CollectionViewController.swift */; };
		DB9E05E21A511DB3004CF47F /* ComposedDataSource.swift in Sources */ = {isa = PBXBuildFile; fileRef = DB9E05E11A511DB3004CF47F /* ComposedDataSource.swift */; };
		DBAF93851A567BF7003293E9 /* ColorView.swift in Sources */ = {isa = PBXBuildFile; fileRef = DBAF93841A567BF7003293E9 /* ColorView.swift */; };
		DBAF93881A567D3D003293E9 /* SegmentedHeaderView.swift in Sources */ = {isa = PBXBuildFile; fileRef = DBAF93871A567D3D003293E9 /* SegmentedHeaderView.swift */; };
		DBAF938E1A5689C8003293E9 /* GridCell.swift in Sources */ = {isa = PBXBuildFile; fileRef = DBAF938D1A5689C8003293E9 /* GridCell.swift */; };
		DBAF93901A568B56003293E9 /* Placeholder.swift in Sources */ = {isa = PBXBuildFile; fileRef = DBAF938F1A568B56003293E9 /* Placeholder.swift */; };
		DBAF93921A569147003293E9 /* SectionHeaderView.swift in Sources */ = {isa = PBXBuildFile; fileRef = DBAF93911A569147003293E9 /* SectionHeaderView.swift */; };
		DBAF93941A56917C003293E9 /* BasicCell.swift in Sources */ = {isa = PBXBuildFile; fileRef = DBAF93931A56917C003293E9 /* BasicCell.swift */; };
		DBAF93971A569834003293E9 /* UIKit.swift in Sources */ = {isa = PBXBuildFile; fileRef = DBAF93961A569834003293E9 /* UIKit.swift */; };
		DBAF93991A569CCE003293E9 /* Types.swift in Sources */ = {isa = PBXBuildFile; fileRef = DBAF93981A569CCE003293E9 /* Types.swift */; };
		DBB401A31A592CA5001DDE72 /* CatDetailViewController.swift in Sources */ = {isa = PBXBuildFile; fileRef = DBB401A21A592CA5001DDE72 /* CatDetailViewController.swift */; };
		DBB401A51A592DBB001DDE72 /* CatDetailHeader.swift in Sources */ = {isa = PBXBuildFile; fileRef = DBB401A41A592DBB001DDE72 /* CatDetailHeader.swift */; };
		DBB401A71A5932A5001DDE72 /* TextValueCell.swift in Sources */ = {isa = PBXBuildFile; fileRef = DBB401A61A5932A5001DDE72 /* TextValueCell.swift */; };
		DBB805A31A4F52280009C6CF /* OrderedSet.swift in Sources */ = {isa = PBXBuildFile; fileRef = DBB805A21A4F52280009C6CF /* OrderedSet.swift */; };
		DBC3F93F1A45E9F40029B49D /* Multimap.swift in Sources */ = {isa = PBXBuildFile; fileRef = DBC3F93E1A45E9F40029B49D /* Multimap.swift */; };
		DBCD173C1A5129C30072D6CB /* OrderedDictionary.swift in Sources */ = {isa = PBXBuildFile; fileRef = DB9E05E31A51264D004CF47F /* OrderedDictionary.swift */; };
		DBCD173E1A5490BA0072D6CB /* SectionHeaders.swift in Sources */ = {isa = PBXBuildFile; fileRef = DBCD173D1A5490BA0072D6CB /* SectionHeaders.swift */; };
		DBCD17431A5493090072D6CB /* Measurement.swift in Sources */ = {isa = PBXBuildFile; fileRef = DBCD17421A5493090072D6CB /* Measurement.swift */; };
		DBE9D0BE1A3EC1A40040353A /* Foundation.swift in Sources */ = {isa = PBXBuildFile; fileRef = DBE9D0BD1A3EC1A40040353A /* Foundation.swift */; };
/* End PBXBuildFile section */

/* Begin PBXContainerItemProxy section */
		DB81006F1A3CD2AE00E758F6 /* PBXContainerItemProxy */ = {
			isa = PBXContainerItemProxy;
			containerPortal = 1FA42960192A798300F673A0 /* Project object */;
			proxyType = 1;
			remoteGlobalIDString = DB8100621A3CD2AE00E758F6;
			remoteInfo = AdvancedCollectionView;
		};
		DB8100711A3CD2AE00E758F6 /* PBXContainerItemProxy */ = {
			isa = PBXContainerItemProxy;
			containerPortal = 1FA42960192A798300F673A0 /* Project object */;
			proxyType = 1;
			remoteGlobalIDString = 1FA42968192A798300F673A0;
			remoteInfo = AdvancedCollectionViewDemo;
		};
		DB8100781A3CD2AE00E758F6 /* PBXContainerItemProxy */ = {
			isa = PBXContainerItemProxy;
			containerPortal = 1FA42960192A798300F673A0 /* Project object */;
			proxyType = 1;
			remoteGlobalIDString = DB8100621A3CD2AE00E758F6;
			remoteInfo = AdvancedCollectionView;
		};
/* End PBXContainerItemProxy section */

/* Begin PBXCopyFilesBuildPhase section */
		DB81007F1A3CD2AE00E758F6 /* Embed Frameworks */ = {
			isa = PBXCopyFilesBuildPhase;
			buildActionMask = 2147483647;
			dstPath = "";
			dstSubfolderSpec = 10;
			files = (
				DB81007B1A3CD2AE00E758F6 /* AdvancedCollectionView.framework in Embed Frameworks */,
			);
			name = "Embed Frameworks";
			runOnlyForDeploymentPostprocessing = 0;
		};
/* End PBXCopyFilesBuildPhase section */

/* Begin PBXFileReference section */
		1FA42969192A798300F673A0 /* AdvancedCollectionViewDemo.app */ = {isa = PBXFileReference; explicitFileType = wrapper.application; includeInIndex = 0; path = AdvancedCollectionViewDemo.app; sourceTree = BUILT_PRODUCTS_DIR; };
		1FA4296D192A798300F673A0 /* Info.plist */ = {isa = PBXFileReference; lastKnownFileType = text.plist.xml; path = Info.plist; sourceTree = "<group>"; };
		1FA4297E192A798300F673A0 /* Images.xcassets */ = {isa = PBXFileReference; lastKnownFileType = folder.assetcatalog; path = Images.xcassets; sourceTree = "<group>"; };
		1FA42AFC192A937400F673A0 /* Base */ = {isa = PBXFileReference; lastKnownFileType = file.storyboard; name = Base; path = Base.lproj/Main.storyboard; sourceTree = "<group>"; };
		1FA42AFE192A93C800F673A0 /* CatList.json */ = {isa = PBXFileReference; fileEncoding = 4; lastKnownFileType = text.json; path = CatList.json; sourceTree = "<group>"; };
		1FE17BDA192E8BC900620DC3 /* detail-bobcat.json */ = {isa = PBXFileReference; fileEncoding = 4; lastKnownFileType = text.json; path = "detail-bobcat.json"; sourceTree = "<group>"; };
		1FE17BDB192E8BC900620DC3 /* detail-caracal.json */ = {isa = PBXFileReference; fileEncoding = 4; lastKnownFileType = text.json; path = "detail-caracal.json"; sourceTree = "<group>"; };
		1FE17BDC192E8BC900620DC3 /* detail-cheetah.json */ = {isa = PBXFileReference; fileEncoding = 4; lastKnownFileType = text.json; path = "detail-cheetah.json"; sourceTree = "<group>"; };
		1FE17BDD192E8BC900620DC3 /* detail-geoffroys-cat.json */ = {isa = PBXFileReference; fileEncoding = 4; lastKnownFileType = text.json; path = "detail-geoffroys-cat.json"; sourceTree = "<group>"; };
		1FE17BDE192E8BC900620DC3 /* detail-jaguar.json */ = {isa = PBXFileReference; fileEncoding = 4; lastKnownFileType = text.json; path = "detail-jaguar.json"; sourceTree = "<group>"; };
		1FE17BDF192E8BC900620DC3 /* detail-leopard.json */ = {isa = PBXFileReference; fileEncoding = 4; lastKnownFileType = text.json; path = "detail-leopard.json"; sourceTree = "<group>"; };
		1FE17BE0192E8BC900620DC3 /* detail-lion.json */ = {isa = PBXFileReference; fileEncoding = 4; lastKnownFileType = text.json; path = "detail-lion.json"; sourceTree = "<group>"; };
		1FE17BE1192E8BC900620DC3 /* detail-lynx.json */ = {isa = PBXFileReference; fileEncoding = 4; lastKnownFileType = text.json; path = "detail-lynx.json"; sourceTree = "<group>"; };
		1FE17BE2192E8BC900620DC3 /* detail-margay.json */ = {isa = PBXFileReference; fileEncoding = 4; lastKnownFileType = text.json; path = "detail-margay.json"; sourceTree = "<group>"; };
		1FE17BE3192E8BC900620DC3 /* detail-mountain-lion.json */ = {isa = PBXFileReference; fileEncoding = 4; lastKnownFileType = text.json; path = "detail-mountain-lion.json"; sourceTree = "<group>"; };
		1FE17BE4192E8BC900620DC3 /* detail-ocelot.json */ = {isa = PBXFileReference; fileEncoding = 4; lastKnownFileType = text.json; path = "detail-ocelot.json"; sourceTree = "<group>"; };
		1FE17BE5192E8BC900620DC3 /* detail-oncilla.json */ = {isa = PBXFileReference; fileEncoding = 4; lastKnownFileType = text.json; path = "detail-oncilla.json"; sourceTree = "<group>"; };
		1FE17BE6192E8BC900620DC3 /* detail-serval.json */ = {isa = PBXFileReference; fileEncoding = 4; lastKnownFileType = text.json; path = "detail-serval.json"; sourceTree = "<group>"; };
		1FE17BE7192E8BC900620DC3 /* detail-snow-leopard.json */ = {isa = PBXFileReference; fileEncoding = 4; lastKnownFileType = text.json; path = "detail-snow-leopard.json"; sourceTree = "<group>"; };
		1FE17BE8192E8BC900620DC3 /* detail-tiger.json */ = {isa = PBXFileReference; fileEncoding = 4; lastKnownFileType = text.json; path = "detail-tiger.json"; sourceTree = "<group>"; };
		3E4EC381193D3D990070862B /* README.md */ = {isa = PBXFileReference; fileEncoding = 4; lastKnownFileType = net.daringfireball.markdown; path = README.md; sourceTree = "<group>"; };
		DB1F1B3A1A5E69AA005A48A5 /* CatSighting.swift */ = {isa = PBXFileReference; fileEncoding = 4; lastKnownFileType = sourcecode.swift; path = CatSighting.swift; sourceTree = "<group>"; };
		DB1F1B3C1A5E69E8005A48A5 /* Cat.swift */ = {isa = PBXFileReference; fileEncoding = 4; lastKnownFileType = sourcecode.swift; path = Cat.swift; sourceTree = "<group>"; };
		DB1F1B3E1A5E6A7B005A48A5 /* DataAccessManager.swift */ = {isa = PBXFileReference; fileEncoding = 4; lastKnownFileType = sourcecode.swift; path = DataAccessManager.swift; sourceTree = "<group>"; };
		DB22A1D61A5933EE00B8B883 /* TextValueDataSource.swift */ = {isa = PBXFileReference; fileEncoding = 4; lastKnownFileType = sourcecode.swift; path = TextValueDataSource.swift; sourceTree = "<group>"; };
		DB22A1D81A5938C200B8B883 /* KeyValueDataSource.swift */ = {isa = PBXFileReference; fileEncoding = 4; lastKnownFileType = sourcecode.swift; path = KeyValueDataSource.swift; sourceTree = "<group>"; };
		DB22A1DA1A5946A800B8B883 /* CatSightingCell.swift */ = {isa = PBXFileReference; fileEncoding = 4; lastKnownFileType = sourcecode.swift; path = CatSightingCell.swift; sourceTree = "<group>"; };
		DB22A1DC1A59491500B8B883 /* CatSightingsDataSource.swift */ = {isa = PBXFileReference; fileEncoding = 4; lastKnownFileType = sourcecode.swift; path = CatSightingsDataSource.swift; sourceTree = "<group>"; };
		DB22A1DE1A594A2600B8B883 /* CatDetailDataSource.swift */ = {isa = PBXFileReference; fileEncoding = 4; lastKnownFileType = sourcecode.swift; path = CatDetailDataSource.swift; sourceTree = "<group>"; };
		DB22A20E1A59504400B8B883 /* AppDelegate.swift */ = {isa = PBXFileReference; fileEncoding = 4; lastKnownFileType = sourcecode.swift; path = AppDelegate.swift; sourceTree = "<group>"; };
		DB24FC221A3F7E9E00C5D0B4 /* Utilities.swift */ = {isa = PBXFileReference; fileEncoding = 4; lastKnownFileType = sourcecode.swift; path = Utilities.swift; sourceTree = "<group>"; };
		DB24FC241A3F83FD00C5D0B4 /* GridLayoutAttributes.swift */ = {isa = PBXFileReference; fileEncoding = 4; lastKnownFileType = sourcecode.swift; path = GridLayoutAttributes.swift; sourceTree = "<group>"; };
		DB24FC291A3F869F00C5D0B4 /* Geometry.swift */ = {isa = PBXFileReference; fileEncoding = 4; lastKnownFileType = sourcecode.swift; path = Geometry.swift; sourceTree = "<group>"; };
		DB262EFF1A5E3EBA00E3D905 /* JSON.swift */ = {isa = PBXFileReference; fileEncoding = 4; lastKnownFileType = sourcecode.swift; path = JSON.swift; sourceTree = "<group>"; };
		DB3D6AFB1A41662300D48A92 /* DataSourcePresenter.swift */ = {isa = PBXFileReference; fileEncoding = 4; lastKnownFileType = sourcecode.swift; path = DataSourcePresenter.swift; sourceTree = "<group>"; };
		DB5658501A61DA94004813FD /* OrderedSetTests.swift */ = {isa = PBXFileReference; fileEncoding = 4; lastKnownFileType = sourcecode.swift; path = OrderedSetTests.swift; sourceTree = "<group>"; };
		DB5658521A61DEF3004813FD /* MultimapTests.swift */ = {isa = PBXFileReference; fileEncoding = 4; lastKnownFileType = sourcecode.swift; path = MultimapTests.swift; sourceTree = "<group>"; };
		DB5F406B1A4FA482002BB59F /* SegmentedDataSource.swift */ = {isa = PBXFileReference; fileEncoding = 4; lastKnownFileType = sourcecode.swift; path = SegmentedDataSource.swift; sourceTree = "<group>"; };
		DB5FB6A21A4F527C0041062F /* UnorderedCollectionType.swift */ = {isa = PBXFileReference; fileEncoding = 4; lastKnownFileType = sourcecode.swift; path = UnorderedCollectionType.swift; sourceTree = "<group>"; };
		DB61BFF61A48F31400D79655 /* GridLayoutInfo.swift */ = {isa = PBXFileReference; fileEncoding = 4; lastKnownFileType = sourcecode.swift; path = GridLayoutInfo.swift; sourceTree = "<group>"; };
		DB61BFF81A493C1700D79655 /* ComposedMapping.swift */ = {isa = PBXFileReference; fileEncoding = 4; lastKnownFileType = sourcecode.swift; path = ComposedMapping.swift; sourceTree = "<group>"; };
		DB61BFFB1A494DE300D79655 /* BasicDataSource.swift */ = {isa = PBXFileReference; fileEncoding = 4; lastKnownFileType = sourcecode.swift; path = BasicDataSource.swift; sourceTree = "<group>"; };
		DB63FBF01A5F94640095BB03 /* OrderedDictionaryTests.swift */ = {isa = PBXFileReference; fileEncoding = 4; lastKnownFileType = sourcecode.swift; path = OrderedDictionaryTests.swift; sourceTree = "<group>"; };
		DB71E6591A48A55200AFC472 /* CollectionViewLayout.swift */ = {isa = PBXFileReference; fileEncoding = 4; lastKnownFileType = sourcecode.swift; path = CollectionViewLayout.swift; sourceTree = "<group>"; };
		DB81005C1A3CD0E600E758F6 /* Base */ = {isa = PBXFileReference; lastKnownFileType = file.xib; name = Base; path = Base.lproj/LaunchScreen.xib; sourceTree = "<group>"; };
		DB8100631A3CD2AE00E758F6 /* AdvancedCollectionView.framework */ = {isa = PBXFileReference; explicitFileType = wrapper.framework; includeInIndex = 0; path = AdvancedCollectionView.framework; sourceTree = BUILT_PRODUCTS_DIR; };
		DB8100661A3CD2AE00E758F6 /* Info.plist */ = {isa = PBXFileReference; lastKnownFileType = text.plist.xml; path = Info.plist; sourceTree = "<group>"; };
		DB8100671A3CD2AE00E758F6 /* AdvancedCollectionView.h */ = {isa = PBXFileReference; lastKnownFileType = sourcecode.c.h; path = AdvancedCollectionView.h; sourceTree = "<group>"; };
		DB81006D1A3CD2AE00E758F6 /* AdvancedCollectionViewTests.xctest */ = {isa = PBXFileReference; explicitFileType = wrapper.cfbundle; includeInIndex = 0; path = AdvancedCollectionViewTests.xctest; sourceTree = BUILT_PRODUCTS_DIR; };
		DB8100751A3CD2AE00E758F6 /* Info.plist */ = {isa = PBXFileReference; lastKnownFileType = text.plist.xml; path = Info.plist; sourceTree = "<group>"; };
		DB8A78BB1A3E70BE008A79A6 /* GridLayout.swift */ = {isa = PBXFileReference; fileEncoding = 4; lastKnownFileType = sourcecode.swift; path = GridLayout.swift; sourceTree = "<group>"; };
		DB8A78F41A3E79F2008A79A6 /* Metrics.swift */ = {isa = PBXFileReference; fileEncoding = 4; lastKnownFileType = sourcecode.swift; path = Metrics.swift; sourceTree = "<group>"; };
		DB8A78F71A3E8252008A79A6 /* DataSource.swift */ = {isa = PBXFileReference; fileEncoding = 4; lastKnownFileType = sourcecode.swift; path = DataSource.swift; sourceTree = "<group>"; };
		DB8A79091A3E8479008A79A6 /* Loading.swift */ = {isa = PBXFileReference; fileEncoding = 4; lastKnownFileType = sourcecode.swift; path = Loading.swift; sourceTree = "<group>"; };
		DB8A79121A3EA12B008A79A6 /* Async.swift */ = {isa = PBXFileReference; fileEncoding = 4; lastKnownFileType = sourcecode.swift; path = Async.swift; sourceTree = "<group>"; };
		DB9DC7341A57E43E005DE6C2 /* CatListViewController.swift */ = {isa = PBXFileReference; fileEncoding = 4; lastKnownFileType = sourcecode.swift; path = CatListViewController.swift; sourceTree = "<group>"; };
		DB9DC7361A57E49D005DE6C2 /* CatListDataSource.swift */ = {isa = PBXFileReference; fileEncoding = 4; lastKnownFileType = sourcecode.swift; path = CatListDataSource.swift; sourceTree = "<group>"; };
		DB9E05DF1A510F4C004CF47F /* CollectionViewController.swift */ = {isa = PBXFileReference; fileEncoding = 4; lastKnownFileType = sourcecode.swift; path = CollectionViewController.swift; sourceTree = "<group>"; };
		DB9E05E11A511DB3004CF47F /* ComposedDataSource.swift */ = {isa = PBXFileReference; fileEncoding = 4; lastKnownFileType = sourcecode.swift; path = ComposedDataSource.swift; sourceTree = "<group>"; };
		DB9E05E31A51264D004CF47F /* OrderedDictionary.swift */ = {isa = PBXFileReference; fileEncoding = 4; lastKnownFileType = sourcecode.swift; path = OrderedDictionary.swift; sourceTree = "<group>"; };
		DBAF93841A567BF7003293E9 /* ColorView.swift */ = {isa = PBXFileReference; fileEncoding = 4; lastKnownFileType = sourcecode.swift; path = ColorView.swift; sourceTree = "<group>"; };
		DBAF93871A567D3D003293E9 /* SegmentedHeaderView.swift */ = {isa = PBXFileReference; fileEncoding = 4; lastKnownFileType = sourcecode.swift; path = SegmentedHeaderView.swift; sourceTree = "<group>"; };
		DBAF938D1A5689C8003293E9 /* GridCell.swift */ = {isa = PBXFileReference; fileEncoding = 4; lastKnownFileType = sourcecode.swift; path = GridCell.swift; sourceTree = "<group>"; };
		DBAF938F1A568B56003293E9 /* Placeholder.swift */ = {isa = PBXFileReference; fileEncoding = 4; lastKnownFileType = sourcecode.swift; path = Placeholder.swift; sourceTree = "<group>"; };
		DBAF93911A569147003293E9 /* SectionHeaderView.swift */ = {isa = PBXFileReference; fileEncoding = 4; lastKnownFileType = sourcecode.swift; path = SectionHeaderView.swift; sourceTree = "<group>"; };
		DBAF93931A56917C003293E9 /* BasicCell.swift */ = {isa = PBXFileReference; fileEncoding = 4; lastKnownFileType = sourcecode.swift; path = BasicCell.swift; sourceTree = "<group>"; };
		DBAF93961A569834003293E9 /* UIKit.swift */ = {isa = PBXFileReference; fileEncoding = 4; lastKnownFileType = sourcecode.swift; path = UIKit.swift; sourceTree = "<group>"; };
		DBAF93981A569CCE003293E9 /* Types.swift */ = {isa = PBXFileReference; fileEncoding = 4; lastKnownFileType = sourcecode.swift; path = Types.swift; sourceTree = "<group>"; };
		DBB401A21A592CA5001DDE72 /* CatDetailViewController.swift */ = {isa = PBXFileReference; fileEncoding = 4; lastKnownFileType = sourcecode.swift; path = CatDetailViewController.swift; sourceTree = "<group>"; };
		DBB401A41A592DBB001DDE72 /* CatDetailHeader.swift */ = {isa = PBXFileReference; fileEncoding = 4; lastKnownFileType = sourcecode.swift; path = CatDetailHeader.swift; sourceTree = "<group>"; };
		DBB401A61A5932A5001DDE72 /* TextValueCell.swift */ = {isa = PBXFileReference; fileEncoding = 4; lastKnownFileType = sourcecode.swift; path = TextValueCell.swift; sourceTree = "<group>"; };
		DBB805A21A4F52280009C6CF /* OrderedSet.swift */ = {isa = PBXFileReference; fileEncoding = 4; lastKnownFileType = sourcecode.swift; path = OrderedSet.swift; sourceTree = "<group>"; };
		DBC3F93E1A45E9F40029B49D /* Multimap.swift */ = {isa = PBXFileReference; fileEncoding = 4; lastKnownFileType = sourcecode.swift; path = Multimap.swift; sourceTree = "<group>"; };
		DBCD173D1A5490BA0072D6CB /* SectionHeaders.swift */ = {isa = PBXFileReference; fileEncoding = 4; lastKnownFileType = sourcecode.swift; path = SectionHeaders.swift; sourceTree = "<group>"; };
		DBCD17421A5493090072D6CB /* Measurement.swift */ = {isa = PBXFileReference; fileEncoding = 4; lastKnownFileType = sourcecode.swift; path = Measurement.swift; sourceTree = "<group>"; };
		DBE9D0BD1A3EC1A40040353A /* Foundation.swift */ = {isa = PBXFileReference; fileEncoding = 4; lastKnownFileType = sourcecode.swift; path = Foundation.swift; sourceTree = "<group>"; };
/* End PBXFileReference section */

/* Begin PBXFrameworksBuildPhase section */
		1FA42965192A798300F673A0 /* Frameworks */ = {
			isa = PBXFrameworksBuildPhase;
			buildActionMask = 2147483647;
			files = (
				DB81007A1A3CD2AE00E758F6 /* AdvancedCollectionView.framework in Frameworks */,
			);
			runOnlyForDeploymentPostprocessing = 0;
		};
		DB81005F1A3CD2AE00E758F6 /* Frameworks */ = {
			isa = PBXFrameworksBuildPhase;
			buildActionMask = 2147483647;
			files = (
			);
			runOnlyForDeploymentPostprocessing = 0;
		};
		DB81006A1A3CD2AE00E758F6 /* Frameworks */ = {
			isa = PBXFrameworksBuildPhase;
			buildActionMask = 2147483647;
			files = (
				DB81006E1A3CD2AE00E758F6 /* AdvancedCollectionView.framework in Frameworks */,
			);
			runOnlyForDeploymentPostprocessing = 0;
		};
/* End PBXFrameworksBuildPhase section */

/* Begin PBXGroup section */
		1FA4295F192A798300F673A0 = {
			isa = PBXGroup;
			children = (
				3E4EC381193D3D990070862B /* README.md */,
				DB8100641A3CD2AE00E758F6 /* AdvancedCollectionView */,
				DB8100731A3CD2AE00E758F6 /* AdvancedCollectionViewTests */,
				1FA42AEC192A825800F673A0 /* AdvancedCollectionViewDemo */,
				1FA4296A192A798300F673A0 /* Products */,
			);
			sourceTree = "<group>";
		};
		1FA4296A192A798300F673A0 /* Products */ = {
			isa = PBXGroup;
			children = (
				1FA42969192A798300F673A0 /* AdvancedCollectionViewDemo.app */,
				DB8100631A3CD2AE00E758F6 /* AdvancedCollectionView.framework */,
				DB81006D1A3CD2AE00E758F6 /* AdvancedCollectionViewTests.xctest */,
			);
			name = Products;
			sourceTree = "<group>";
		};
		1FA4296C192A798300F673A0 /* Supporting Files */ = {
			isa = PBXGroup;
			children = (
				1FA4297E192A798300F673A0 /* Images.xcassets */,
				1FA4296D192A798300F673A0 /* Info.plist */,
				DB81005D1A3CD0E600E758F6 /* LaunchScreen.xib */,
				1FA42AFB192A937400F673A0 /* Main.storyboard */,
				1FA42AFA192A91D800F673A0 /* Resources */,
			);
			name = "Supporting Files";
			sourceTree = "<group>";
		};
		1FA42AEC192A825800F673A0 /* AdvancedCollectionViewDemo */ = {
			isa = PBXGroup;
			children = (
				DB22A20E1A59504400B8B883 /* AppDelegate.swift */,
				DB22A1DE1A594A2600B8B883 /* CatDetailDataSource.swift */,
				DBB401A41A592DBB001DDE72 /* CatDetailHeader.swift */,
				DBB401A21A592CA5001DDE72 /* CatDetailViewController.swift */,
				DB9DC7361A57E49D005DE6C2 /* CatListDataSource.swift */,
				DB9DC7341A57E43E005DE6C2 /* CatListViewController.swift */,
				DB22A1DA1A5946A800B8B883 /* CatSightingCell.swift */,
				DB22A1DC1A59491500B8B883 /* CatSightingsDataSource.swift */,
				DB22A1D81A5938C200B8B883 /* KeyValueDataSource.swift */,
				DB22A2101A5950A700B8B883 /* Model */,
				1FA4296C192A798300F673A0 /* Supporting Files */,
				DBB401A61A5932A5001DDE72 /* TextValueCell.swift */,
				DB22A1D61A5933EE00B8B883 /* TextValueDataSource.swift */,
			);
			path = AdvancedCollectionViewDemo;
			sourceTree = "<group>";
		};
		1FA42AFA192A91D800F673A0 /* Resources */ = {
			isa = PBXGroup;
			children = (
				1FE17BDA192E8BC900620DC3 /* detail-bobcat.json */,
				1FE17BDB192E8BC900620DC3 /* detail-caracal.json */,
				1FE17BDC192E8BC900620DC3 /* detail-cheetah.json */,
				1FE17BDD192E8BC900620DC3 /* detail-geoffroys-cat.json */,
				1FE17BDE192E8BC900620DC3 /* detail-jaguar.json */,
				1FE17BDF192E8BC900620DC3 /* detail-leopard.json */,
				1FE17BE0192E8BC900620DC3 /* detail-lion.json */,
				1FE17BE1192E8BC900620DC3 /* detail-lynx.json */,
				1FE17BE2192E8BC900620DC3 /* detail-margay.json */,
				1FE17BE3192E8BC900620DC3 /* detail-mountain-lion.json */,
				1FE17BE4192E8BC900620DC3 /* detail-ocelot.json */,
				1FE17BE5192E8BC900620DC3 /* detail-oncilla.json */,
				1FE17BE6192E8BC900620DC3 /* detail-serval.json */,
				1FE17BE7192E8BC900620DC3 /* detail-snow-leopard.json */,
				1FE17BE8192E8BC900620DC3 /* detail-tiger.json */,
				1FA42AFE192A93C800F673A0 /* CatList.json */,
			);
			path = Resources;
			sourceTree = "<group>";
		};
		DB22A2101A5950A700B8B883 /* Model */ = {
			isa = PBXGroup;
			children = (
				DB1F1B3C1A5E69E8005A48A5 /* Cat.swift */,
				DB1F1B3A1A5E69AA005A48A5 /* CatSighting.swift */,
				DB1F1B3E1A5E6A7B005A48A5 /* DataAccessManager.swift */,
				DB262EFF1A5E3EBA00E3D905 /* JSON.swift */,
			);
			name = Model;
			sourceTree = "<group>";
		};
		DB71E6581A489DA000AFC472 /* Collections */ = {
			isa = PBXGroup;
			children = (
				DBC3F93E1A45E9F40029B49D /* Multimap.swift */,
				DB9E05E31A51264D004CF47F /* OrderedDictionary.swift */,
				DBB805A21A4F52280009C6CF /* OrderedSet.swift */,
				DB5FB6A21A4F527C0041062F /* UnorderedCollectionType.swift */,
			);
			name = Collections;
			sourceTree = "<group>";
		};
		DB8100641A3CD2AE00E758F6 /* AdvancedCollectionView */ = {
			isa = PBXGroup;
			children = (
				DB9DC72F1A57E3C2005DE6C2 /* Base */,
				DB71E6581A489DA000AFC472 /* Collections */,
				DB9DC72E1A57E3B6005DE6C2 /* Data Sources */,
				DB9DC72D1A57E37E005DE6C2 /* Extensions */,
				DB9DC7301A57E3CE005DE6C2 /* Layout */,
				DBAF93951A569247003293E9 /* Views */,
				DB8100651A3CD2AE00E758F6 /* Supporting Files */,
			);
			path = AdvancedCollectionView;
			sourceTree = "<group>";
		};
		DB8100651A3CD2AE00E758F6 /* Supporting Files */ = {
			isa = PBXGroup;
			children = (
				DB8100671A3CD2AE00E758F6 /* AdvancedCollectionView.h */,
				DB8100661A3CD2AE00E758F6 /* Info.plist */,
			);
			name = "Supporting Files";
			sourceTree = "<group>";
		};
		DB8100731A3CD2AE00E758F6 /* AdvancedCollectionViewTests */ = {
			isa = PBXGroup;
			children = (
				DB63FBF01A5F94640095BB03 /* OrderedDictionaryTests.swift */,
				DB5658501A61DA94004813FD /* OrderedSetTests.swift */,
				DB5658521A61DEF3004813FD /* MultimapTests.swift */,
				DB8100741A3CD2AE00E758F6 /* Supporting Files */,
			);
			path = AdvancedCollectionViewTests;
			sourceTree = "<group>";
		};
		DB8100741A3CD2AE00E758F6 /* Supporting Files */ = {
			isa = PBXGroup;
			children = (
				DB8100751A3CD2AE00E758F6 /* Info.plist */,
			);
			name = "Supporting Files";
			sourceTree = "<group>";
		};
		DB9DC72D1A57E37E005DE6C2 /* Extensions */ = {
			isa = PBXGroup;
			children = (
				DBCD17421A5493090072D6CB /* Measurement.swift */,
				DBCD173D1A5490BA0072D6CB /* SectionHeaders.swift */,
				DB8A79121A3EA12B008A79A6 /* Async.swift */,
				DBE9D0BD1A3EC1A40040353A /* Foundation.swift */,
				DB24FC291A3F869F00C5D0B4 /* Geometry.swift */,
				DBAF93961A569834003293E9 /* UIKit.swift */,
				DB24FC221A3F7E9E00C5D0B4 /* Utilities.swift */,
			);
			name = Extensions;
			sourceTree = "<group>";
		};
		DB9DC72E1A57E3B6005DE6C2 /* Data Sources */ = {
			isa = PBXGroup;
			children = (
				DB61BFFB1A494DE300D79655 /* BasicDataSource.swift */,
				DB9E05E11A511DB3004CF47F /* ComposedDataSource.swift */,
				DB61BFF81A493C1700D79655 /* ComposedMapping.swift */,
				DB8A78F71A3E8252008A79A6 /* DataSource.swift */,
				DB3D6AFB1A41662300D48A92 /* DataSourcePresenter.swift */,
				DB5F406B1A4FA482002BB59F /* SegmentedDataSource.swift */,
			);
			name = "Data Sources";
			sourceTree = "<group>";
		};
		DB9DC72F1A57E3C2005DE6C2 /* Base */ = {
			isa = PBXGroup;
			children = (
				DB8A79091A3E8479008A79A6 /* Loading.swift */,
				DB8A78F41A3E79F2008A79A6 /* Metrics.swift */,
				DB9E05DF1A510F4C004CF47F /* CollectionViewController.swift */,
				DB71E6591A48A55200AFC472 /* CollectionViewLayout.swift */,
				DBAF93981A569CCE003293E9 /* Types.swift */,
			);
			name = Base;
			sourceTree = "<group>";
		};
		DB9DC7301A57E3CE005DE6C2 /* Layout */ = {
			isa = PBXGroup;
			children = (
				DB8A78BB1A3E70BE008A79A6 /* GridLayout.swift */,
				DB24FC241A3F83FD00C5D0B4 /* GridLayoutAttributes.swift */,
				DB61BFF61A48F31400D79655 /* GridLayoutInfo.swift */,
			);
			name = Layout;
			sourceTree = "<group>";
		};
		DBAF93951A569247003293E9 /* Views */ = {
			isa = PBXGroup;
			children = (
				DBAF93931A56917C003293E9 /* BasicCell.swift */,
				DBAF93841A567BF7003293E9 /* ColorView.swift */,
				DBAF938D1A5689C8003293E9 /* GridCell.swift */,
				DBAF938F1A568B56003293E9 /* Placeholder.swift */,
				DBAF93911A569147003293E9 /* SectionHeaderView.swift */,
				DBAF93871A567D3D003293E9 /* SegmentedHeaderView.swift */,
			);
			name = Views;
			sourceTree = "<group>";
		};
/* End PBXGroup section */

/* Begin PBXHeadersBuildPhase section */
		1FA42966192A798300F673A0 /* Headers */ = {
			isa = PBXHeadersBuildPhase;
			buildActionMask = 2147483647;
			files = (
			);
			runOnlyForDeploymentPostprocessing = 0;
		};
		DB8100601A3CD2AE00E758F6 /* Headers */ = {
			isa = PBXHeadersBuildPhase;
			buildActionMask = 2147483647;
			files = (
				DB8100681A3CD2AE00E758F6 /* AdvancedCollectionView.h in Headers */,
			);
			runOnlyForDeploymentPostprocessing = 0;
		};
/* End PBXHeadersBuildPhase section */

/* Begin PBXNativeTarget section */
		1FA42968192A798300F673A0 /* AdvancedCollectionViewDemo */ = {
			isa = PBXNativeTarget;
			buildConfigurationList = 1FA4298E192A798300F673A0 /* Build configuration list for PBXNativeTarget "AdvancedCollectionViewDemo" */;
			buildPhases = (
				1FA42964192A798300F673A0 /* Sources */,
				1FA42965192A798300F673A0 /* Frameworks */,
				1FA42966192A798300F673A0 /* Headers */,
				1FA42967192A798300F673A0 /* Resources */,
				DB81007F1A3CD2AE00E758F6 /* Embed Frameworks */,
			);
			buildRules = (
			);
			dependencies = (
				DB8100791A3CD2AE00E758F6 /* PBXTargetDependency */,
			);
			name = AdvancedCollectionViewDemo;
			productName = AdvancedCollectionView;
			productReference = 1FA42969192A798300F673A0 /* AdvancedCollectionViewDemo.app */;
			productType = "com.apple.product-type.application";
		};
		DB8100621A3CD2AE00E758F6 /* AdvancedCollectionView */ = {
			isa = PBXNativeTarget;
			buildConfigurationList = DB81007C1A3CD2AE00E758F6 /* Build configuration list for PBXNativeTarget "AdvancedCollectionView" */;
			buildPhases = (
				DB81005E1A3CD2AE00E758F6 /* Sources */,
				DB81005F1A3CD2AE00E758F6 /* Frameworks */,
				DB8100601A3CD2AE00E758F6 /* Headers */,
				DB8100611A3CD2AE00E758F6 /* Resources */,
			);
			buildRules = (
			);
			dependencies = (
			);
			name = AdvancedCollectionView;
			productName = AdvancedCollectionView;
			productReference = DB8100631A3CD2AE00E758F6 /* AdvancedCollectionView.framework */;
			productType = "com.apple.product-type.framework";
		};
		DB81006C1A3CD2AE00E758F6 /* AdvancedCollectionViewTests */ = {
			isa = PBXNativeTarget;
			buildConfigurationList = DB8100801A3CD2AE00E758F6 /* Build configuration list for PBXNativeTarget "AdvancedCollectionViewTests" */;
			buildPhases = (
				DB8100691A3CD2AE00E758F6 /* Sources */,
				DB81006A1A3CD2AE00E758F6 /* Frameworks */,
				DB81006B1A3CD2AE00E758F6 /* Resources */,
			);
			buildRules = (
			);
			dependencies = (
				DB8100701A3CD2AE00E758F6 /* PBXTargetDependency */,
				DB8100721A3CD2AE00E758F6 /* PBXTargetDependency */,
			);
			name = AdvancedCollectionViewTests;
			productName = AdvancedCollectionViewTests;
			productReference = DB81006D1A3CD2AE00E758F6 /* AdvancedCollectionViewTests.xctest */;
			productType = "com.apple.product-type.bundle.unit-test";
		};
/* End PBXNativeTarget section */

/* Begin PBXProject section */
		1FA42960192A798300F673A0 /* Project object */ = {
			isa = PBXProject;
			attributes = {
				CLASSPREFIX = AAPL;
				LastUpgradeCheck = 0600;
				ORGANIZATIONNAME = Apple;
				TargetAttributes = {
					DB8100621A3CD2AE00E758F6 = {
						CreatedOnToolsVersion = 6.2;
					};
					DB81006C1A3CD2AE00E758F6 = {
						CreatedOnToolsVersion = 6.2;
						TestTargetID = 1FA42968192A798300F673A0;
					};
				};
			};
			buildConfigurationList = 1FA42963192A798300F673A0 /* Build configuration list for PBXProject "AdvancedCollectionView" */;
			compatibilityVersion = "Xcode 3.2";
			developmentRegion = English;
			hasScannedForEncodings = 0;
			knownRegions = (
				en,
				Base,
			);
			mainGroup = 1FA4295F192A798300F673A0;
			productRefGroup = 1FA4296A192A798300F673A0 /* Products */;
			projectDirPath = "";
			projectRoot = "";
			targets = (
				1FA42968192A798300F673A0 /* AdvancedCollectionViewDemo */,
				DB8100621A3CD2AE00E758F6 /* AdvancedCollectionView */,
				DB81006C1A3CD2AE00E758F6 /* AdvancedCollectionViewTests */,
			);
		};
/* End PBXProject section */

/* Begin PBXResourcesBuildPhase section */
		1FA42967192A798300F673A0 /* Resources */ = {
			isa = PBXResourcesBuildPhase;
			buildActionMask = 2147483647;
			files = (
				1FE17BF0192E8BC900620DC3 /* detail-lynx.json in Resources */,
				1FE17BEC192E8BC900620DC3 /* detail-geoffroys-cat.json in Resources */,
				1FE17BF6192E8BC900620DC3 /* detail-snow-leopard.json in Resources */,
				1FE17BF3192E8BC900620DC3 /* detail-ocelot.json in Resources */,
				1FA42AFD192A937400F673A0 /* Main.storyboard in Resources */,
				1FE17BF4192E8BC900620DC3 /* detail-oncilla.json in Resources */,
				1FE17BE9192E8BC900620DC3 /* detail-bobcat.json in Resources */,
				1FE17BEE192E8BC900620DC3 /* detail-leopard.json in Resources */,
				1FE17BF5192E8BC900620DC3 /* detail-serval.json in Resources */,
				1FA42AFF192A93C800F673A0 /* CatList.json in Resources */,
				1FE17BF7192E8BC900620DC3 /* detail-tiger.json in Resources */,
				1FE17BF2192E8BC900620DC3 /* detail-mountain-lion.json in Resources */,
				1FE17BED192E8BC900620DC3 /* detail-jaguar.json in Resources */,
				DB81005B1A3CD0E600E758F6 /* LaunchScreen.xib in Resources */,
				1FE17BEF192E8BC900620DC3 /* detail-lion.json in Resources */,
				1FE17BEA192E8BC900620DC3 /* detail-caracal.json in Resources */,
				1FA4297F192A798300F673A0 /* Images.xcassets in Resources */,
				1FE17BEB192E8BC900620DC3 /* detail-cheetah.json in Resources */,
				1FE17BF1192E8BC900620DC3 /* detail-margay.json in Resources */,
			);
			runOnlyForDeploymentPostprocessing = 0;
		};
		DB8100611A3CD2AE00E758F6 /* Resources */ = {
			isa = PBXResourcesBuildPhase;
			buildActionMask = 2147483647;
			files = (
			);
			runOnlyForDeploymentPostprocessing = 0;
		};
		DB81006B1A3CD2AE00E758F6 /* Resources */ = {
			isa = PBXResourcesBuildPhase;
			buildActionMask = 2147483647;
			files = (
			);
			runOnlyForDeploymentPostprocessing = 0;
		};
/* End PBXResourcesBuildPhase section */

/* Begin PBXSourcesBuildPhase section */
		1FA42964192A798300F673A0 /* Sources */ = {
			isa = PBXSourcesBuildPhase;
			buildActionMask = 2147483647;
			files = (
				DBB401A71A5932A5001DDE72 /* TextValueCell.swift in Sources */,
				DB9DC7371A57E49D005DE6C2 /* CatListDataSource.swift in Sources */,
				DBB401A31A592CA5001DDE72 /* CatDetailViewController.swift in Sources */,
				DB22A1DF1A594A2600B8B883 /* CatDetailDataSource.swift in Sources */,
				DB1F1B3F1A5E6A7B005A48A5 /* DataAccessManager.swift in Sources */,
				DB22A20F1A59504400B8B883 /* AppDelegate.swift in Sources */,
				DBB401A51A592DBB001DDE72 /* CatDetailHeader.swift in Sources */,
				DB9DC7351A57E43E005DE6C2 /* CatListViewController.swift in Sources */,
				DB1F1B3D1A5E69E8005A48A5 /* Cat.swift in Sources */,
				DB22A1DB1A5946A800B8B883 /* CatSightingCell.swift in Sources */,
				DB262F001A5E3EBA00E3D905 /* JSON.swift in Sources */,
				DB22A1DD1A59491500B8B883 /* CatSightingsDataSource.swift in Sources */,
				DB22A1D71A5933EE00B8B883 /* TextValueDataSource.swift in Sources */,
				DB1F1B3B1A5E69AA005A48A5 /* CatSighting.swift in Sources */,
				DB22A1D91A5938C200B8B883 /* KeyValueDataSource.swift in Sources */,
			);
			runOnlyForDeploymentPostprocessing = 0;
		};
		DB81005E1A3CD2AE00E758F6 /* Sources */ = {
			isa = PBXSourcesBuildPhase;
			buildActionMask = 2147483647;
			files = (
				DB24FC251A3F83FD00C5D0B4 /* GridLayoutAttributes.swift in Sources */,
				DBAF93881A567D3D003293E9 /* SegmentedHeaderView.swift in Sources */,
				DBE9D0BE1A3EC1A40040353A /* Foundation.swift in Sources */,
				DBAF93991A569CCE003293E9 /* Types.swift in Sources */,
				DB8A78F51A3E79F2008A79A6 /* Metrics.swift in Sources */,
				DB3D6AFC1A41662300D48A92 /* DataSourcePresenter.swift in Sources */,
				DB9E05E01A510F4C004CF47F /* CollectionViewController.swift in Sources */,
				DBAF93921A569147003293E9 /* SectionHeaderView.swift in Sources */,
				DBCD173C1A5129C30072D6CB /* OrderedDictionary.swift in Sources */,
				DBCD17431A5493090072D6CB /* Measurement.swift in Sources */,
				DBC3F93F1A45E9F40029B49D /* Multimap.swift in Sources */,
				DBAF93851A567BF7003293E9 /* ColorView.swift in Sources */,
				DB8A79131A3EA12B008A79A6 /* Async.swift in Sources */,
				DB24FC2A1A3F869F00C5D0B4 /* Geometry.swift in Sources */,
				DBAF938E1A5689C8003293E9 /* GridCell.swift in Sources */,
				DB5FB6A31A4F527C0041062F /* UnorderedCollectionType.swift in Sources */,
				DBAF93971A569834003293E9 /* UIKit.swift in Sources */,
				DB61BFFC1A494DE300D79655 /* BasicDataSource.swift in Sources */,
				DB71E65A1A48A55200AFC472 /* CollectionViewLayout.swift in Sources */,
				DB8A78F81A3E8252008A79A6 /* DataSource.swift in Sources */,
				DBCD173E1A5490BA0072D6CB /* SectionHeaders.swift in Sources */,
				DBAF93941A56917C003293E9 /* BasicCell.swift in Sources */,
				DB8A78BC1A3E70BE008A79A6 /* GridLayout.swift in Sources */,
				DB24FC231A3F7E9E00C5D0B4 /* Utilities.swift in Sources */,
				DBAF93901A568B56003293E9 /* Placeholder.swift in Sources */,
				DB61BFF91A493C1700D79655 /* ComposedMapping.swift in Sources */,
				DBB805A31A4F52280009C6CF /* OrderedSet.swift in Sources */,
				DB61BFF71A48F31400D79655 /* GridLayoutInfo.swift in Sources */,
				DB9E05E21A511DB3004CF47F /* ComposedDataSource.swift in Sources */,
				DB5F406C1A4FA482002BB59F /* SegmentedDataSource.swift in Sources */,
				DB8A790A1A3E8479008A79A6 /* Loading.swift in Sources */,
			);
			runOnlyForDeploymentPostprocessing = 0;
		};
		DB8100691A3CD2AE00E758F6 /* Sources */ = {
			isa = PBXSourcesBuildPhase;
			buildActionMask = 2147483647;
			files = (
				DB5658511A61DA94004813FD /* OrderedSetTests.swift in Sources */,
				DB5658531A61DEF3004813FD /* MultimapTests.swift in Sources */,
				DB63FBF11A5F94640095BB03 /* OrderedDictionaryTests.swift in Sources */,
			);
			runOnlyForDeploymentPostprocessing = 0;
		};
/* End PBXSourcesBuildPhase section */

/* Begin PBXTargetDependency section */
		DB8100701A3CD2AE00E758F6 /* PBXTargetDependency */ = {
			isa = PBXTargetDependency;
			target = DB8100621A3CD2AE00E758F6 /* AdvancedCollectionView */;
			targetProxy = DB81006F1A3CD2AE00E758F6 /* PBXContainerItemProxy */;
		};
		DB8100721A3CD2AE00E758F6 /* PBXTargetDependency */ = {
			isa = PBXTargetDependency;
			target = 1FA42968192A798300F673A0 /* AdvancedCollectionViewDemo */;
			targetProxy = DB8100711A3CD2AE00E758F6 /* PBXContainerItemProxy */;
		};
		DB8100791A3CD2AE00E758F6 /* PBXTargetDependency */ = {
			isa = PBXTargetDependency;
			target = DB8100621A3CD2AE00E758F6 /* AdvancedCollectionView */;
			targetProxy = DB8100781A3CD2AE00E758F6 /* PBXContainerItemProxy */;
		};
/* End PBXTargetDependency section */

/* Begin PBXVariantGroup section */
		1FA42AFB192A937400F673A0 /* Main.storyboard */ = {
			isa = PBXVariantGroup;
			children = (
				1FA42AFC192A937400F673A0 /* Base */,
			);
			name = Main.storyboard;
			sourceTree = "<group>";
		};
		DB81005D1A3CD0E600E758F6 /* LaunchScreen.xib */ = {
			isa = PBXVariantGroup;
			children = (
				DB81005C1A3CD0E600E758F6 /* Base */,
			);
			name = LaunchScreen.xib;
			sourceTree = "<group>";
		};
/* End PBXVariantGroup section */

/* Begin XCBuildConfiguration section */
		1FA4298C192A798300F673A0 /* Debug */ = {
			isa = XCBuildConfiguration;
			buildSettings = {
				ALWAYS_SEARCH_USER_PATHS = NO;
				CLANG_CXX_LANGUAGE_STANDARD = "gnu++0x";
				CLANG_CXX_LIBRARY = "libc++";
				CLANG_ENABLE_MODULES = YES;
				CLANG_ENABLE_OBJC_ARC = YES;
				CLANG_WARN_BOOL_CONVERSION = YES;
				CLANG_WARN_CONSTANT_CONVERSION = YES;
				CLANG_WARN_DEPRECATED_OBJC_IMPLEMENTATIONS = YES;
				CLANG_WARN_DIRECT_OBJC_ISA_USAGE = YES_ERROR;
				CLANG_WARN_EMPTY_BODY = YES;
				CLANG_WARN_ENUM_CONVERSION = YES;
				CLANG_WARN_INT_CONVERSION = YES;
				CLANG_WARN_OBJC_IMPLICIT_RETAIN_SELF = YES;
				CLANG_WARN_OBJC_ROOT_CLASS = YES_ERROR;
				CLANG_WARN_SUSPICIOUS_IMPLICIT_CONVERSION = YES;
				CLANG_WARN_UNREACHABLE_CODE = YES;
				CLANG_WARN__DUPLICATE_METHOD_MATCH = YES;
				"CODE_SIGN_IDENTITY[sdk=iphoneos*]" = "iPhone Developer";
				COPY_PHASE_STRIP = NO;
				ENABLE_STRICT_OBJC_MSGSEND = YES;
				GCC_C_LANGUAGE_STANDARD = gnu99;
				GCC_DYNAMIC_NO_PIC = NO;
				GCC_OPTIMIZATION_LEVEL = 0;
				GCC_PREPROCESSOR_DEFINITIONS = (
					"DEBUG=1",
					"$(inherited)",
				);
				GCC_SYMBOLS_PRIVATE_EXTERN = NO;
				GCC_WARN_64_TO_32_BIT_CONVERSION = YES;
				GCC_WARN_ABOUT_RETURN_TYPE = YES_ERROR;
				GCC_WARN_SHADOW = YES;
				GCC_WARN_UNDECLARED_SELECTOR = YES;
				GCC_WARN_UNINITIALIZED_AUTOS = YES_AGGRESSIVE;
				GCC_WARN_UNUSED_FUNCTION = YES;
				IPHONEOS_DEPLOYMENT_TARGET = 8.0;
				ONLY_ACTIVE_ARCH = YES;
				SDKROOT = iphoneos;
				TARGETED_DEVICE_FAMILY = "1,2";
				WARNING_CFLAGS = (
					"-Wall",
					"-Wextra",
					"-Wundef",
					"-Wnewline-eof",
					"-Wfloat-equal",
					"-Wno-unused-parameter",
					"-Wno-sign-compare",
				);
			};
			name = Debug;
		};
		1FA4298D192A798300F673A0 /* Release */ = {
			isa = XCBuildConfiguration;
			buildSettings = {
				ALWAYS_SEARCH_USER_PATHS = NO;
				CLANG_CXX_LANGUAGE_STANDARD = "gnu++0x";
				CLANG_CXX_LIBRARY = "libc++";
				CLANG_ENABLE_MODULES = YES;
				CLANG_ENABLE_OBJC_ARC = YES;
				CLANG_WARN_BOOL_CONVERSION = YES;
				CLANG_WARN_CONSTANT_CONVERSION = YES;
				CLANG_WARN_DEPRECATED_OBJC_IMPLEMENTATIONS = YES;
				CLANG_WARN_DIRECT_OBJC_ISA_USAGE = YES_ERROR;
				CLANG_WARN_EMPTY_BODY = YES;
				CLANG_WARN_ENUM_CONVERSION = YES;
				CLANG_WARN_INT_CONVERSION = YES;
				CLANG_WARN_OBJC_IMPLICIT_RETAIN_SELF = YES;
				CLANG_WARN_OBJC_ROOT_CLASS = YES_ERROR;
				CLANG_WARN_SUSPICIOUS_IMPLICIT_CONVERSION = YES;
				CLANG_WARN_UNREACHABLE_CODE = YES;
				CLANG_WARN__DUPLICATE_METHOD_MATCH = YES;
				"CODE_SIGN_IDENTITY[sdk=iphoneos*]" = "iPhone Developer";
				COPY_PHASE_STRIP = YES;
				ENABLE_NS_ASSERTIONS = NO;
				ENABLE_STRICT_OBJC_MSGSEND = YES;
				GCC_C_LANGUAGE_STANDARD = gnu99;
				GCC_PREPROCESSOR_DEFINITIONS = "NDEBUG=1";
				GCC_WARN_64_TO_32_BIT_CONVERSION = YES;
				GCC_WARN_ABOUT_RETURN_TYPE = YES_ERROR;
				GCC_WARN_SHADOW = YES;
				GCC_WARN_UNDECLARED_SELECTOR = YES;
				GCC_WARN_UNINITIALIZED_AUTOS = YES_AGGRESSIVE;
				GCC_WARN_UNUSED_FUNCTION = YES;
				IPHONEOS_DEPLOYMENT_TARGET = 8.0;
				SDKROOT = iphoneos;
				TARGETED_DEVICE_FAMILY = "1,2";
				VALIDATE_PRODUCT = YES;
				WARNING_CFLAGS = (
					"-Wall",
					"-Wextra",
					"-Wundef",
					"-Wnewline-eof",
					"-Wfloat-equal",
					"-Wno-unused-parameter",
					"-Wno-sign-compare",
				);
			};
			name = Release;
		};
		1FA4298F192A798300F673A0 /* Debug */ = {
			isa = XCBuildConfiguration;
			buildSettings = {
				ASSETCATALOG_COMPILER_APPICON_NAME = AppIcon;
				ASSETCATALOG_COMPILER_LAUNCHIMAGE_NAME = LaunchImage;
				INFOPLIST_FILE = AdvancedCollectionViewDemo/Info.plist;
				LD_RUNPATH_SEARCH_PATHS = "$(inherited) @executable_path/Frameworks";
				PRODUCT_NAME = "$(TARGET_NAME)";
				SWIFT_OPTIMIZATION_LEVEL = "-Onone";
			};
			name = Debug;
		};
		1FA42990192A798300F673A0 /* Release */ = {
			isa = XCBuildConfiguration;
			buildSettings = {
				ASSETCATALOG_COMPILER_APPICON_NAME = AppIcon;
				ASSETCATALOG_COMPILER_LAUNCHIMAGE_NAME = LaunchImage;
				INFOPLIST_FILE = AdvancedCollectionViewDemo/Info.plist;
				LD_RUNPATH_SEARCH_PATHS = "$(inherited) @executable_path/Frameworks";
				PRODUCT_NAME = "$(TARGET_NAME)";
			};
			name = Release;
		};
		DB81007D1A3CD2AE00E758F6 /* Debug */ = {
			isa = XCBuildConfiguration;
			buildSettings = {
				CURRENT_PROJECT_VERSION = 1;
				DEFINES_MODULE = YES;
				DYLIB_COMPATIBILITY_VERSION = 1;
				DYLIB_CURRENT_VERSION = 1;
				DYLIB_INSTALL_NAME_BASE = "@rpath";
				EMBEDDED_CONTENT_CONTAINS_SWIFT = YES;
				GCC_PREPROCESSOR_DEFINITIONS = (
					"DEBUG=1",
					"$(inherited)",
				);
				INFOPLIST_FILE = AdvancedCollectionView/Info.plist;
				INSTALL_PATH = "$(LOCAL_LIBRARY_DIR)/Frameworks";
				IPHONEOS_DEPLOYMENT_TARGET = 8.0;
				LD_RUNPATH_SEARCH_PATHS = "$(inherited) @executable_path/Frameworks @loader_path/Frameworks";
				MTL_ENABLE_DEBUG_INFO = YES;
				PRODUCT_NAME = "$(TARGET_NAME)";
				SKIP_INSTALL = YES;
				SWIFT_OPTIMIZATION_LEVEL = "-Onone";
				VERSIONING_SYSTEM = "apple-generic";
				VERSION_INFO_PREFIX = "";
			};
			name = Debug;
		};
		DB81007E1A3CD2AE00E758F6 /* Release */ = {
			isa = XCBuildConfiguration;
			buildSettings = {
				CURRENT_PROJECT_VERSION = 1;
				DEFINES_MODULE = YES;
				DYLIB_COMPATIBILITY_VERSION = 1;
				DYLIB_CURRENT_VERSION = 1;
				DYLIB_INSTALL_NAME_BASE = "@rpath";
				EMBEDDED_CONTENT_CONTAINS_SWIFT = YES;
				INFOPLIST_FILE = AdvancedCollectionView/Info.plist;
				INSTALL_PATH = "$(LOCAL_LIBRARY_DIR)/Frameworks";
				IPHONEOS_DEPLOYMENT_TARGET = 8.0;
				LD_RUNPATH_SEARCH_PATHS = "$(inherited) @executable_path/Frameworks @loader_path/Frameworks";
				MTL_ENABLE_DEBUG_INFO = NO;
				PRODUCT_NAME = "$(TARGET_NAME)";
				SKIP_INSTALL = YES;
				VERSIONING_SYSTEM = "apple-generic";
				VERSION_INFO_PREFIX = "";
			};
			name = Release;
		};
		DB8100811A3CD2AE00E758F6 /* Debug */ = {
			isa = XCBuildConfiguration;
			buildSettings = {
				FRAMEWORK_SEARCH_PATHS = (
					"$(SDKROOT)/Developer/Library/Frameworks",
					"$(inherited)",
				);
				GCC_PREPROCESSOR_DEFINITIONS = (
					"DEBUG=1",
					"$(inherited)",
				);
				INFOPLIST_FILE = AdvancedCollectionViewTests/Info.plist;
				LD_RUNPATH_SEARCH_PATHS = "$(inherited) @executable_path/Frameworks @loader_path/Frameworks";
				MTL_ENABLE_DEBUG_INFO = YES;
				PRODUCT_NAME = "$(TARGET_NAME)";
				SWIFT_OPTIMIZATION_LEVEL = "-Onone";
				TEST_HOST = "$(BUILT_PRODUCTS_DIR)/AdvancedCollectionViewDemo.app/AdvancedCollectionViewDemo";
			};
			name = Debug;
		};
		DB8100821A3CD2AE00E758F6 /* Release */ = {
			isa = XCBuildConfiguration;
			buildSettings = {
				FRAMEWORK_SEARCH_PATHS = (
					"$(SDKROOT)/Developer/Library/Frameworks",
					"$(inherited)",
				);
				INFOPLIST_FILE = AdvancedCollectionViewTests/Info.plist;
				LD_RUNPATH_SEARCH_PATHS = "$(inherited) @executable_path/Frameworks @loader_path/Frameworks";
				MTL_ENABLE_DEBUG_INFO = NO;
				PRODUCT_NAME = "$(TARGET_NAME)";
				TEST_HOST = "$(BUILT_PRODUCTS_DIR)/AdvancedCollectionViewDemo.app/AdvancedCollectionViewDemo";
			};
			name = Release;
		};
/* End XCBuildConfiguration section */

/* Begin XCConfigurationList section */
		1FA42963192A798300F673A0 /* Build configuration list for PBXProject "AdvancedCollectionView" */ = {
			isa = XCConfigurationList;
			buildConfigurations = (
				1FA4298C192A798300F673A0 /* Debug */,
				1FA4298D192A798300F673A0 /* Release */,
			);
			defaultConfigurationIsVisible = 0;
			defaultConfigurationName = Release;
		};
		1FA4298E192A798300F673A0 /* Build configuration list for PBXNativeTarget "AdvancedCollectionViewDemo" */ = {
			isa = XCConfigurationList;
			buildConfigurations = (
				1FA4298F192A798300F673A0 /* Debug */,
				1FA42990192A798300F673A0 /* Release */,
			);
			defaultConfigurationIsVisible = 0;
			defaultConfigurationName = Release;
		};
		DB81007C1A3CD2AE00E758F6 /* Build configuration list for PBXNativeTarget "AdvancedCollectionView" */ = {
			isa = XCConfigurationList;
			buildConfigurations = (
				DB81007D1A3CD2AE00E758F6 /* Debug */,
				DB81007E1A3CD2AE00E758F6 /* Release */,
			);
			defaultConfigurationIsVisible = 0;
			defaultConfigurationName = Release;
		};
		DB8100801A3CD2AE00E758F6 /* Build configuration list for PBXNativeTarget "AdvancedCollectionViewTests" */ = {
			isa = XCConfigurationList;
			buildConfigurations = (
				DB8100811A3CD2AE00E758F6 /* Debug */,
				DB8100821A3CD2AE00E758F6 /* Release */,
			);
			defaultConfigurationIsVisible = 0;
			defaultConfigurationName = Release;
		};
/* End XCConfigurationList section */
	};
	rootObject = 1FA42960192A798300F673A0 /* Project object */;
}
